{
  "version": 4,
  "terraform_version": "1.11.3",
  "serial": 6,
  "lineage": "337ca699-e0e6-d90e-4473-a8a9bcb5e86f",
  "outputs": {},
  "resources": [
    {
      "mode": "managed",
      "type": "docker_image",
      "name": "flask",
      "provider": "provider[\"registry.terraform.io/kreuzwerker/docker\"]",
      "instances": [
        {
          "schema_version": 0,
          "attributes": {
            "build": [],
            "force_remove": null,
            "id": "sha256:18ab81c6eb50716eb84918b7ecb7fe274ed52d2c6a01dfb00cc71810137114b0saurabhkr24/flask-app:latest",
            "image_id": "sha256:18ab81c6eb50716eb84918b7ecb7fe274ed52d2c6a01dfb00cc71810137114b0",
            "keep_locally": null,
            "name": "saurabhkr24/flask-app:latest",
            "platform": null,
            "pull_triggers": null,
            "repo_digest": "saurabhkr24/flask-app@sha256:da067fbf838bb9190cab7ea1d29acd4414e0b31472f5d7a37d90455bd75c1c67",
            "triggers": null
          },
          "sensitive_attributes": [],
          "private": "bnVsbA=="
        }
      ]
    }
  ],
  "check_results": null
}
